{
  "name": "@novakai/projects",
  "version": "0.1.0",
  "lockfileVersion": 3,
  "requires": true,
  "packages": {
    "": {
      "name": "@novakai/projects",
      "version": "0.1.0",
      "license": "UNLICENSED",
      "dependencies": {
        "@novakai/foundation": "file:../foundation",
        "zod": "^3.23.8"
      },
      "bin": {
        "nvk-project": "dist/cli/nvk-project.js"
      },
      "devDependencies": {
        "@types/node": "^20.14.9",
        "typescript": "^5.5.2"
      },
      "engines": {
        "node": ">=20"
      }
    },
    "../foundation": {
      "name": "@novakai/foundation",
      "version": "0.1.0",
      "license": "UNLICENSED",
      "dependencies": {
        "zod": "^3.23.8"
      },
      "bin": {
        "nvk-store": "dist/cli/nvk-store.js"
      },
      "devDependencies": {
        "@types/node": "^20.14.9",
        "typescript": "^5.5.2"
      },
      "engines": {
        "node": ">=20"
      }
    },
    "../foundation/node_modules/@types/node": {
      "version": "20.19.43",
      "dev": true,
      "license": "MIT",
      "dependencies": {
        "undici-types": "~6.21.0"
      }
    },
    "../foundation/node_modules/typescript": {
      "version": "5.9.3",
      "dev": true,
      "license": "Apache-2.0",
      "bin": {
        "tsc": "bin/tsc",
        "tsserver": "bin/tsserver"
      },
      "engines": {
        "node": ">=14.17"
      }
    },
    "../foundation/node_modules/undici-types": {
      "version": "6.21.0",
      "dev": true,
      "license": "MIT"
    },
    "../foundation/node_modules/zod": {
      "version": "3.25.76",
      "license": "MIT",
      "funding": {
        "url": "https://github.com/sponsors/colinhacks"
      }
    },
    "node_modules/@novakai/foundation": {
      "resolved": "../foundation",
      "link": true
    },
    "node_modules/@types/node": {
      "version": "20.19.43",
      "dev": true,
      "license": "MIT",
      "dependencies": {
        "undici-types": "~6.21.0"
      }
    },
    "node_modules/typescript": {
      "version": "5.9.3",
      "dev": true,
      "license": "Apache-2.0",
      "bin": {
        "tsc": "bin/tsc",
        "tsserver": "bin/tsserver"
      },
      "engines": {
        "node": ">=14.17"
      }
    },
    "node_modules/undici-types": {
      "version": "6.21.0",
      "dev": true,
      "license": "MIT"
    },
    "node_modules/zod": {
      "version": "3.25.76",
      "license": "MIT",
      "funding": {
        "url": "https://github.com/sponsors/colinhacks"
      }
    }
  }
}
